
Microsoft Visual Studio Solution File, Format Version 12.00
# Visual Studio Version 17
VisualStudioVersion = 17.11.35312.102
MinimumVisualStudioVersion = 10.0.40219.1
Project("{FAE04EC0-301F-11D3-BF4B-00C04F79EFBC}") = "WebApplication1", "WebApplication1\WebApplication1.csproj", "{12E63EA0-4263-43F8-94D9-AAF459439031}"
EndProject
Global
	GlobalSection(SolutionConfigurationPlatforms) = preSolution
		Debug|Any CPU = Debug|Any CPU
		Release|Any CPU = Release|Any CPU
	EndGlobalSection
	GlobalSection(ProjectConfigurationPlatforms) = postSolution
		{12E63EA0-4263-43F8-94D9-AAF459439031}.Debug|Any CPU.ActiveCfg = Debug|Any CPU
		{12E63EA0-4263-43F8-94D9-AAF459439031}.Debug|Any CPU.Build.0 = Debug|Any CPU
		{12E63EA0-4263-43F8-94D9-AAF459439031}.Release|Any CPU.ActiveCfg = Release|Any CPU
		{12E63EA0-4263-43F8-94D9-AAF459439031}.Release|Any CPU.Build.0 = Release|Any CPU
	EndGlobalSection
	GlobalSection(SolutionProperties) = preSolution
		HideSolutionNode = FALSE
	EndGlobalSection
	GlobalSection(ExtensibilityGlobals) = postSolution
		SolutionGuid = {82243FFD-A8C5-477E-9F2F-B80BF435F561}
	EndGlobalSection
EndGlobal
